
Microsoft Visual Studio Solution File, Format Version 12.00
# Visual Studio 15
VisualStudioVersion = 15.0.28307.902
MinimumVisualStudioVersion = 10.0.40219.1
Project("{159641D6-6404-4A2A-AE62-294DE0FE8301}") = "Moive_DB_Spring_2020", "Moive_DB_Spring_2020\Moive_DB_Spring_2020.dtproj", "{878D5BF2-5481-401B-8792-E753CF61991F}"
EndProject
Project("{159641D6-6404-4A2A-AE62-294DE0FE8301}") = "Sale_Project_Relational_LAB", "..\Sale_Project_Relational_LAB\Sale_Project_Relational_LAB\Sale_Project_Relational_LAB.dtproj", "{25E23870-DF60-45B7-90F7-F26C59A321DD}"
EndProject
Project("{F14B399A-7131-4C87-9E4B-1186C45EF12D}") = "Report_Moive_DW", "..\Report_Moive_DW\Report_Moive_DW\Report_Moive_DW.rptproj", "{73EA1F80-7697-4751-BF42-F09C723A55EF}"
EndProject
Global
	GlobalSection(SolutionConfigurationPlatforms) = preSolution
		Debug|Default = Debug|Default
		DebugLocal|Default = DebugLocal|Default
		Development|Default = Development|Default
		Release|Default = Release|Default
	EndGlobalSection
	GlobalSection(ProjectConfigurationPlatforms) = postSolution
		{878D5BF2-5481-401B-8792-E753CF61991F}.Debug|Default.ActiveCfg = Development
		{878D5BF2-5481-401B-8792-E753CF61991F}.Debug|Default.Build.0 = Development
		{878D5BF2-5481-401B-8792-E753CF61991F}.DebugLocal|Default.ActiveCfg = Development
		{878D5BF2-5481-401B-8792-E753CF61991F}.DebugLocal|Default.Build.0 = Development
		{878D5BF2-5481-401B-8792-E753CF61991F}.Development|Default.ActiveCfg = Development
		{878D5BF2-5481-401B-8792-E753CF61991F}.Development|Default.Build.0 = Development
		{878D5BF2-5481-401B-8792-E753CF61991F}.Release|Default.ActiveCfg = Development
		{878D5BF2-5481-401B-8792-E753CF61991F}.Release|Default.Build.0 = Development
		{25E23870-DF60-45B7-90F7-F26C59A321DD}.Debug|Default.ActiveCfg = Development
		{25E23870-DF60-45B7-90F7-F26C59A321DD}.Debug|Default.Build.0 = Development
		{25E23870-DF60-45B7-90F7-F26C59A321DD}.DebugLocal|Default.ActiveCfg = Development
		{25E23870-DF60-45B7-90F7-F26C59A321DD}.DebugLocal|Default.Build.0 = Development
		{25E23870-DF60-45B7-90F7-F26C59A321DD}.Development|Default.ActiveCfg = Development
		{25E23870-DF60-45B7-90F7-F26C59A321DD}.Development|Default.Build.0 = Development
		{25E23870-DF60-45B7-90F7-F26C59A321DD}.Release|Default.ActiveCfg = Development
		{25E23870-DF60-45B7-90F7-F26C59A321DD}.Release|Default.Build.0 = Development
		{73EA1F80-7697-4751-BF42-F09C723A55EF}.Debug|Default.ActiveCfg = Debug
		{73EA1F80-7697-4751-BF42-F09C723A55EF}.Debug|Default.Build.0 = Debug
		{73EA1F80-7697-4751-BF42-F09C723A55EF}.Debug|Default.Deploy.0 = Debug
		{73EA1F80-7697-4751-BF42-F09C723A55EF}.DebugLocal|Default.ActiveCfg = DebugLocal
		{73EA1F80-7697-4751-BF42-F09C723A55EF}.DebugLocal|Default.Build.0 = DebugLocal
		{73EA1F80-7697-4751-BF42-F09C723A55EF}.Development|Default.ActiveCfg = DebugLocal
		{73EA1F80-7697-4751-BF42-F09C723A55EF}.Development|Default.Build.0 = DebugLocal
		{73EA1F80-7697-4751-BF42-F09C723A55EF}.Development|Default.Deploy.0 = DebugLocal
		{73EA1F80-7697-4751-BF42-F09C723A55EF}.Release|Default.ActiveCfg = Release
		{73EA1F80-7697-4751-BF42-F09C723A55EF}.Release|Default.Build.0 = Release
		{73EA1F80-7697-4751-BF42-F09C723A55EF}.Release|Default.Deploy.0 = Release
	EndGlobalSection
	GlobalSection(SolutionProperties) = preSolution
		HideSolutionNode = FALSE
	EndGlobalSection
	GlobalSection(ExtensibilityGlobals) = postSolution
		SolutionGuid = {DE1B30C2-1646-4B05-8189-15CF34F0DEE2}
	EndGlobalSection
EndGlobal
