
Microsoft Visual Studio Solution File, Format Version 12.00
# Visual Studio 15
VisualStudioVersion = 15.0.28307.902
MinimumVisualStudioVersion = 10.0.40219.1
Project("{F14B399A-7131-4C87-9E4B-1186C45EF12D}") = "Report Project1", "Report Project1\Report Project1.rptproj", "{C1D76E31-9F65-48E9-A29D-8879F8F00449}"
EndProject
Global
	GlobalSection(SolutionConfigurationPlatforms) = preSolution
		Debug|Default = Debug|Default
		DebugLocal|Default = DebugLocal|Default
		Release|Default = Release|Default
	EndGlobalSection
	GlobalSection(ProjectConfigurationPlatforms) = postSolution
		{C1D76E31-9F65-48E9-A29D-8879F8F00449}.Debug|Default.ActiveCfg = Debug
		{C1D76E31-9F65-48E9-A29D-8879F8F00449}.Debug|Default.Build.0 = Debug
		{C1D76E31-9F65-48E9-A29D-8879F8F00449}.Debug|Default.Deploy.0 = Debug
		{C1D76E31-9F65-48E9-A29D-8879F8F00449}.DebugLocal|Default.ActiveCfg = DebugLocal
		{C1D76E31-9F65-48E9-A29D-8879F8F00449}.DebugLocal|Default.Build.0 = DebugLocal
		{C1D76E31-9F65-48E9-A29D-8879F8F00449}.Release|Default.ActiveCfg = Release
		{C1D76E31-9F65-48E9-A29D-8879F8F00449}.Release|Default.Build.0 = Release
		{C1D76E31-9F65-48E9-A29D-8879F8F00449}.Release|Default.Deploy.0 = Release
	EndGlobalSection
	GlobalSection(SolutionProperties) = preSolution
		HideSolutionNode = FALSE
	EndGlobalSection
	GlobalSection(ExtensibilityGlobals) = postSolution
		SolutionGuid = {93650D27-2338-406C-90EC-1CA2F76A84E6}
	EndGlobalSection
EndGlobal
